
Microsoft Visual Studio Solution File, Format Version 12.00
# Visual Studio Version 16
VisualStudioVersion = 16.0.30011.22
MinimumVisualStudioVersion = 10.0.40219.1
Project("{FAE04EC0-301F-11D3-BF4B-00C04F79EFBC}") = "gitTest", "gitTest\gitTest.csproj", "{8149CCA8-D58B-4C2D-9491-111CD759DCEE}"
EndProject
Global
	GlobalSection(SolutionConfigurationPlatforms) = preSolution
		Debug|Any CPU = Debug|Any CPU
		Release|Any CPU = Release|Any CPU
	EndGlobalSection
	GlobalSection(ProjectConfigurationPlatforms) = postSolution
		{8149CCA8-D58B-4C2D-9491-111CD759DCEE}.Debug|Any CPU.ActiveCfg = Debug|Any CPU
		{8149CCA8-D58B-4C2D-9491-111CD759DCEE}.Debug|Any CPU.Build.0 = Debug|Any CPU
		{8149CCA8-D58B-4C2D-9491-111CD759DCEE}.Release|Any CPU.ActiveCfg = Release|Any CPU
		{8149CCA8-D58B-4C2D-9491-111CD759DCEE}.Release|Any CPU.Build.0 = Release|Any CPU
	EndGlobalSection
	GlobalSection(SolutionProperties) = preSolution
		HideSolutionNode = FALSE
	EndGlobalSection
	GlobalSection(ExtensibilityGlobals) = postSolution
		SolutionGuid = {DA39AFD7-AF95-4F7D-86FD-08F3B2549F06}
	EndGlobalSection
EndGlobal
